
Microsoft Visual Studio Solution File, Format Version 12.00
# Visual Studio Version 17
VisualStudioVersion = 17.7.34031.279
MinimumVisualStudioVersion = 10.0.40219.1
Project("{9A19103F-16F7-4668-BE54-9A1E7A4F7556}") = "SendGen.Web", "SendGen.Web\SendGen.Web.csproj", "{0D09C2D9-005B-4331-A297-B28937095A87}"
EndProject
Project("{9A19103F-16F7-4668-BE54-9A1E7A4F7556}") = "SendGen.Domain", "SendGen.Domain\SendGen.Domain.csproj", "{33E02F1D-8A56-4C8C-9ED6-39CACFAE0593}"
EndProject
Project("{9A19103F-16F7-4668-BE54-9A1E7A4F7556}") = "SendGen.Repository", "SendGen.Repository\SendGen.Repository.csproj", "{7A4A9A33-86BB-4088-9D45-B71DD1B3898D}"
EndProject
Project("{2150E333-8FDC-42A3-9474-1A3956D46DE8}") = "Itens de Solução", "Itens de Solução", "{0993068B-1158-4B41-8E55-885E6DE86B92}"
	ProjectSection(SolutionItems) = preProject
		.gitignore = .gitignore
	EndProjectSection
EndProject
Global
	GlobalSection(SolutionConfigurationPlatforms) = preSolution
		Debug|Any CPU = Debug|Any CPU
		Release|Any CPU = Release|Any CPU
	EndGlobalSection
	GlobalSection(ProjectConfigurationPlatforms) = postSolution
		{0D09C2D9-005B-4331-A297-B28937095A87}.Debug|Any CPU.ActiveCfg = Debug|Any CPU
		{0D09C2D9-005B-4331-A297-B28937095A87}.Debug|Any CPU.Build.0 = Debug|Any CPU
		{0D09C2D9-005B-4331-A297-B28937095A87}.Release|Any CPU.ActiveCfg = Release|Any CPU
		{0D09C2D9-005B-4331-A297-B28937095A87}.Release|Any CPU.Build.0 = Release|Any CPU
		{33E02F1D-8A56-4C8C-9ED6-39CACFAE0593}.Debug|Any CPU.ActiveCfg = Debug|Any CPU
		{33E02F1D-8A56-4C8C-9ED6-39CACFAE0593}.Debug|Any CPU.Build.0 = Debug|Any CPU
		{33E02F1D-8A56-4C8C-9ED6-39CACFAE0593}.Release|Any CPU.ActiveCfg = Release|Any CPU
		{33E02F1D-8A56-4C8C-9ED6-39CACFAE0593}.Release|Any CPU.Build.0 = Release|Any CPU
		{7A4A9A33-86BB-4088-9D45-B71DD1B3898D}.Debug|Any CPU.ActiveCfg = Debug|Any CPU
		{7A4A9A33-86BB-4088-9D45-B71DD1B3898D}.Debug|Any CPU.Build.0 = Debug|Any CPU
		{7A4A9A33-86BB-4088-9D45-B71DD1B3898D}.Release|Any CPU.ActiveCfg = Release|Any CPU
		{7A4A9A33-86BB-4088-9D45-B71DD1B3898D}.Release|Any CPU.Build.0 = Release|Any CPU
	EndGlobalSection
	GlobalSection(SolutionProperties) = preSolution
		HideSolutionNode = FALSE
	EndGlobalSection
	GlobalSection(ExtensibilityGlobals) = postSolution
		SolutionGuid = {186760A7-D68F-491E-ADEA-4A21E094E51A}
	EndGlobalSection
EndGlobal
